
Microsoft Visual Studio Solution File, Format Version 12.00
# Visual Studio Version 16
VisualStudioVersion = 16.0.28803.352
MinimumVisualStudioVersion = 10.0.40219.1
Project("{FAE04EC0-301F-11D3-BF4B-00C04F79EFBC}") = "real_state", "real_state\real_state.csproj", "{C7D2415E-D9C2-4B50-B7BB-16D2BBB67AC7}"
EndProject
Global
	GlobalSection(SolutionConfigurationPlatforms) = preSolution
		Debug|Any CPU = Debug|Any CPU
		Release|Any CPU = Release|Any CPU
	EndGlobalSection
	GlobalSection(ProjectConfigurationPlatforms) = postSolution
		{C7D2415E-D9C2-4B50-B7BB-16D2BBB67AC7}.Debug|Any CPU.ActiveCfg = Debug|Any CPU
		{C7D2415E-D9C2-4B50-B7BB-16D2BBB67AC7}.Debug|Any CPU.Build.0 = Debug|Any CPU
		{C7D2415E-D9C2-4B50-B7BB-16D2BBB67AC7}.Release|Any CPU.ActiveCfg = Release|Any CPU
		{C7D2415E-D9C2-4B50-B7BB-16D2BBB67AC7}.Release|Any CPU.Build.0 = Release|Any CPU
	EndGlobalSection
	GlobalSection(SolutionProperties) = preSolution
		HideSolutionNode = FALSE
	EndGlobalSection
	GlobalSection(ExtensibilityGlobals) = postSolution
		SolutionGuid = {67D520D8-6138-46BF-8A63-ADBAC6E3806E}
	EndGlobalSection
EndGlobal
